
Microsoft Visual Studio Solution File, Format Version 12.00
# Visual Studio Version 17
VisualStudioVersion = 17.8.34525.116
MinimumVisualStudioVersion = 10.0.40219.1
Project("{FAE04EC0-301F-11D3-BF4B-00C04F79EFBC}") = "MeetingRoom", "MeetingRoom\MeetingRoom.csproj", "{354B2AF6-EAF6-4552-956B-E98817DFB428}"
EndProject
Global
	GlobalSection(SolutionConfigurationPlatforms) = preSolution
		Debug|Any CPU = Debug|Any CPU
		Release|Any CPU = Release|Any CPU
	EndGlobalSection
	GlobalSection(ProjectConfigurationPlatforms) = postSolution
		{354B2AF6-EAF6-4552-956B-E98817DFB428}.Debug|Any CPU.ActiveCfg = Debug|Any CPU
		{354B2AF6-EAF6-4552-956B-E98817DFB428}.Debug|Any CPU.Build.0 = Debug|Any CPU
		{354B2AF6-EAF6-4552-956B-E98817DFB428}.Release|Any CPU.ActiveCfg = Release|Any CPU
		{354B2AF6-EAF6-4552-956B-E98817DFB428}.Release|Any CPU.Build.0 = Release|Any CPU
	EndGlobalSection
	GlobalSection(SolutionProperties) = preSolution
		HideSolutionNode = FALSE
	EndGlobalSection
	GlobalSection(ExtensibilityGlobals) = postSolution
		SolutionGuid = {4970D970-A868-4EC5-AC37-EAFB597BB13B}
	EndGlobalSection
EndGlobal
